
Microsoft Visual Studio Solution File, Format Version 12.00
Project("{FAE04EC0-301F-11D3-BF4B-00C04F79EFBC}") = "WebApplication3", "WebApplication3\WebApplication3.csproj", "{8FFA279A-3C91-444D-8644-6614A6344760}"
EndProject
Global
	GlobalSection(SolutionConfigurationPlatforms) = preSolution
		Debug|Any CPU = Debug|Any CPU
		Release|Any CPU = Release|Any CPU
	EndGlobalSection
	GlobalSection(ProjectConfigurationPlatforms) = postSolution
		{8FFA279A-3C91-444D-8644-6614A6344760}.Debug|Any CPU.ActiveCfg = Debug|Any CPU
		{8FFA279A-3C91-444D-8644-6614A6344760}.Debug|Any CPU.Build.0 = Debug|Any CPU
		{8FFA279A-3C91-444D-8644-6614A6344760}.Release|Any CPU.ActiveCfg = Release|Any CPU
		{8FFA279A-3C91-444D-8644-6614A6344760}.Release|Any CPU.Build.0 = Release|Any CPU
	EndGlobalSection
EndGlobal
